
Microsoft Visual Studio Solution File, Format Version 12.00
# Visual Studio Version 17
VisualStudioVersion = 17.5.002.0
MinimumVisualStudioVersion = 10.0.40219.1
Project("{2150E333-8FDC-42A3-9474-1A3956D46DE8}") = "Play.Catalog", "Play.Catalog", "{9771221F-70C9-41E9-A04E-0C0133AF89A4}"
EndProject
Project("{2150E333-8FDC-42A3-9474-1A3956D46DE8}") = "src", "src", "{9D691E21-38C3-4416-9819-E7F0E14B72EF}"
EndProject
Project("{9A19103F-16F7-4668-BE54-9A1E7A4F7556}") = "Play.Catalog.Service", "Play.Catalog\src\Play.Catalog.Service\Play.Catalog.Service.csproj", "{B08DF9D4-95D6-4655-A5C2-ECB4D3B58BCA}"
EndProject
Project("{9A19103F-16F7-4668-BE54-9A1E7A4F7556}") = "Play.Catalog.Contracts", "Play.Catalog\src\Play.Catalog.Contracts\Play.Catalog.Contracts.csproj", "{07CEB57E-501C-4C6C-B956-2FA317711B70}"
EndProject
Project("{2150E333-8FDC-42A3-9474-1A3956D46DE8}") = "Play.Common", "Play.Common", "{083D1796-2586-491F-8111-EB55167A81EA}"
EndProject
Project("{2150E333-8FDC-42A3-9474-1A3956D46DE8}") = "src", "src", "{407E65A9-852A-41A4-AB26-1ED4C1A8B8E6}"
EndProject
Project("{9A19103F-16F7-4668-BE54-9A1E7A4F7556}") = "Play.Common", "Play.Common\src\Play.Common\Play.Common.csproj", "{2F29C22B-2B8F-42E0-8A96-D28559B3001E}"
EndProject
Project("{2150E333-8FDC-42A3-9474-1A3956D46DE8}") = "Play.Identity", "Play.Identity", "{44101942-A088-4F39-A597-04888BFCD596}"
EndProject
Project("{2150E333-8FDC-42A3-9474-1A3956D46DE8}") = "src", "src", "{8917F42A-1565-4370-8B6A-B959B4E68659}"
EndProject
Project("{9A19103F-16F7-4668-BE54-9A1E7A4F7556}") = "Play.Identity.Service", "Play.Identity\src\Play.Identity.Service\Play.Identity.Service.csproj", "{95C8F7D2-A19D-444D-A320-847EA2F59583}"
EndProject
Project("{9A19103F-16F7-4668-BE54-9A1E7A4F7556}") = "Play.Identity.Contracts", "Play.Identity\src\Play.Identity.Contracts\Play.Identity.Contracts.csproj", "{1350B4D0-907A-4122-A3A1-0CE490504C68}"
EndProject
Project("{2150E333-8FDC-42A3-9474-1A3956D46DE8}") = "Play.Trading", "Play.Trading", "{5CE130DD-BE64-400B-8835-E646F8A937D6}"
EndProject
Project("{2150E333-8FDC-42A3-9474-1A3956D46DE8}") = "src", "src", "{3027F272-8BAB-4E44-9F02-37283E4C7DDA}"
EndProject
Project("{9A19103F-16F7-4668-BE54-9A1E7A4F7556}") = "Play.Trading.Service", "Play.Trading\src\Play.Trading.Service\Play.Trading.Service.csproj", "{0F3336E0-5286-492C-86A7-989BFDBA8220}"
EndProject
Project("{2150E333-8FDC-42A3-9474-1A3956D46DE8}") = "Play.Inventory", "Play.Inventory", "{B699D4D5-DD44-4AC3-A13A-2B0CD188F18F}"
EndProject
Project("{2150E333-8FDC-42A3-9474-1A3956D46DE8}") = "src", "src", "{730796BD-55AB-4274-8385-FB25145F2411}"
EndProject
Project("{9A19103F-16F7-4668-BE54-9A1E7A4F7556}") = "Play.Inventory.Contracts", "Play.Inventory\src\Play.Inventory.Contracts\Play.Inventory.Contracts.csproj", "{C2EE8AA6-BFD8-4259-B81D-3066318EF0B1}"
EndProject
Project("{9A19103F-16F7-4668-BE54-9A1E7A4F7556}") = "Play.Inventory.Service", "Play.Inventory\src\Play.Inventory.Service\Play.Inventory.Service.csproj", "{14E24C3B-CD26-4F12-BC33-4295EB3B293D}"
EndProject
Global
	GlobalSection(SolutionConfigurationPlatforms) = preSolution
		Debug|Any CPU = Debug|Any CPU
		Release|Any CPU = Release|Any CPU
	EndGlobalSection
	GlobalSection(ProjectConfigurationPlatforms) = postSolution
		{B08DF9D4-95D6-4655-A5C2-ECB4D3B58BCA}.Debug|Any CPU.ActiveCfg = Debug|Any CPU
		{B08DF9D4-95D6-4655-A5C2-ECB4D3B58BCA}.Debug|Any CPU.Build.0 = Debug|Any CPU
		{B08DF9D4-95D6-4655-A5C2-ECB4D3B58BCA}.Release|Any CPU.ActiveCfg = Release|Any CPU
		{B08DF9D4-95D6-4655-A5C2-ECB4D3B58BCA}.Release|Any CPU.Build.0 = Release|Any CPU
		{07CEB57E-501C-4C6C-B956-2FA317711B70}.Debug|Any CPU.ActiveCfg = Debug|Any CPU
		{07CEB57E-501C-4C6C-B956-2FA317711B70}.Debug|Any CPU.Build.0 = Debug|Any CPU
		{07CEB57E-501C-4C6C-B956-2FA317711B70}.Release|Any CPU.ActiveCfg = Release|Any CPU
		{07CEB57E-501C-4C6C-B956-2FA317711B70}.Release|Any CPU.Build.0 = Release|Any CPU
		{2F29C22B-2B8F-42E0-8A96-D28559B3001E}.Debug|Any CPU.ActiveCfg = Debug|Any CPU
		{2F29C22B-2B8F-42E0-8A96-D28559B3001E}.Debug|Any CPU.Build.0 = Debug|Any CPU
		{2F29C22B-2B8F-42E0-8A96-D28559B3001E}.Release|Any CPU.ActiveCfg = Release|Any CPU
		{2F29C22B-2B8F-42E0-8A96-D28559B3001E}.Release|Any CPU.Build.0 = Release|Any CPU
		{95C8F7D2-A19D-444D-A320-847EA2F59583}.Debug|Any CPU.ActiveCfg = Debug|Any CPU
		{95C8F7D2-A19D-444D-A320-847EA2F59583}.Debug|Any CPU.Build.0 = Debug|Any CPU
		{95C8F7D2-A19D-444D-A320-847EA2F59583}.Release|Any CPU.ActiveCfg = Release|Any CPU
		{95C8F7D2-A19D-444D-A320-847EA2F59583}.Release|Any CPU.Build.0 = Release|Any CPU
		{1350B4D0-907A-4122-A3A1-0CE490504C68}.Debug|Any CPU.ActiveCfg = Debug|Any CPU
		{1350B4D0-907A-4122-A3A1-0CE490504C68}.Debug|Any CPU.Build.0 = Debug|Any CPU
		{1350B4D0-907A-4122-A3A1-0CE490504C68}.Release|Any CPU.ActiveCfg = Release|Any CPU
		{1350B4D0-907A-4122-A3A1-0CE490504C68}.Release|Any CPU.Build.0 = Release|Any CPU
		{0F3336E0-5286-492C-86A7-989BFDBA8220}.Debug|Any CPU.ActiveCfg = Debug|Any CPU
		{0F3336E0-5286-492C-86A7-989BFDBA8220}.Debug|Any CPU.Build.0 = Debug|Any CPU
		{0F3336E0-5286-492C-86A7-989BFDBA8220}.Release|Any CPU.ActiveCfg = Release|Any CPU
		{0F3336E0-5286-492C-86A7-989BFDBA8220}.Release|Any CPU.Build.0 = Release|Any CPU
		{C2EE8AA6-BFD8-4259-B81D-3066318EF0B1}.Debug|Any CPU.ActiveCfg = Debug|Any CPU
		{C2EE8AA6-BFD8-4259-B81D-3066318EF0B1}.Debug|Any CPU.Build.0 = Debug|Any CPU
		{C2EE8AA6-BFD8-4259-B81D-3066318EF0B1}.Release|Any CPU.ActiveCfg = Release|Any CPU
		{C2EE8AA6-BFD8-4259-B81D-3066318EF0B1}.Release|Any CPU.Build.0 = Release|Any CPU
		{14E24C3B-CD26-4F12-BC33-4295EB3B293D}.Debug|Any CPU.ActiveCfg = Debug|Any CPU
		{14E24C3B-CD26-4F12-BC33-4295EB3B293D}.Debug|Any CPU.Build.0 = Debug|Any CPU
		{14E24C3B-CD26-4F12-BC33-4295EB3B293D}.Release|Any CPU.ActiveCfg = Release|Any CPU
		{14E24C3B-CD26-4F12-BC33-4295EB3B293D}.Release|Any CPU.Build.0 = Release|Any CPU
	EndGlobalSection
	GlobalSection(SolutionProperties) = preSolution
		HideSolutionNode = FALSE
	EndGlobalSection
	GlobalSection(NestedProjects) = preSolution
		{9D691E21-38C3-4416-9819-E7F0E14B72EF} = {9771221F-70C9-41E9-A04E-0C0133AF89A4}
		{B08DF9D4-95D6-4655-A5C2-ECB4D3B58BCA} = {9D691E21-38C3-4416-9819-E7F0E14B72EF}
		{07CEB57E-501C-4C6C-B956-2FA317711B70} = {9D691E21-38C3-4416-9819-E7F0E14B72EF}
		{407E65A9-852A-41A4-AB26-1ED4C1A8B8E6} = {083D1796-2586-491F-8111-EB55167A81EA}
		{2F29C22B-2B8F-42E0-8A96-D28559B3001E} = {407E65A9-852A-41A4-AB26-1ED4C1A8B8E6}
		{8917F42A-1565-4370-8B6A-B959B4E68659} = {44101942-A088-4F39-A597-04888BFCD596}
		{95C8F7D2-A19D-444D-A320-847EA2F59583} = {8917F42A-1565-4370-8B6A-B959B4E68659}
		{1350B4D0-907A-4122-A3A1-0CE490504C68} = {8917F42A-1565-4370-8B6A-B959B4E68659}
		{3027F272-8BAB-4E44-9F02-37283E4C7DDA} = {5CE130DD-BE64-400B-8835-E646F8A937D6}
		{0F3336E0-5286-492C-86A7-989BFDBA8220} = {3027F272-8BAB-4E44-9F02-37283E4C7DDA}
		{730796BD-55AB-4274-8385-FB25145F2411} = {B699D4D5-DD44-4AC3-A13A-2B0CD188F18F}
		{C2EE8AA6-BFD8-4259-B81D-3066318EF0B1} = {730796BD-55AB-4274-8385-FB25145F2411}
		{14E24C3B-CD26-4F12-BC33-4295EB3B293D} = {730796BD-55AB-4274-8385-FB25145F2411}
	EndGlobalSection
	GlobalSection(ExtensibilityGlobals) = postSolution
		SolutionGuid = {45D1F139-7F55-491C-A390-B087AF9D9729}
	EndGlobalSection
EndGlobal
