
Microsoft Visual Studio Solution File, Format Version 12.00
# Visual Studio Version 17
VisualStudioVersion = 17.5.002.0
MinimumVisualStudioVersion = 10.0.40219.1
Project("{2150E333-8FDC-42A3-9474-1A3956D46DE8}") = "src", "src", "{93E326D7-56A5-4BE8-803B-22F0F714D501}"
EndProject
Project("{9A19103F-16F7-4668-BE54-9A1E7A4F7556}") = "Play.Trading.Service", "src\Play.Trading.Service\Play.Trading.Service.csproj", "{8257EC63-D6E4-4FBC-A286-2039CFC68ACD}"
EndProject
Global
	GlobalSection(SolutionConfigurationPlatforms) = preSolution
		Debug|Any CPU = Debug|Any CPU
		Release|Any CPU = Release|Any CPU
	EndGlobalSection
	GlobalSection(ProjectConfigurationPlatforms) = postSolution
		{8257EC63-D6E4-4FBC-A286-2039CFC68ACD}.Debug|Any CPU.ActiveCfg = Debug|Any CPU
		{8257EC63-D6E4-4FBC-A286-2039CFC68ACD}.Debug|Any CPU.Build.0 = Debug|Any CPU
		{8257EC63-D6E4-4FBC-A286-2039CFC68ACD}.Release|Any CPU.ActiveCfg = Release|Any CPU
		{8257EC63-D6E4-4FBC-A286-2039CFC68ACD}.Release|Any CPU.Build.0 = Release|Any CPU
	EndGlobalSection
	GlobalSection(SolutionProperties) = preSolution
		HideSolutionNode = FALSE
	EndGlobalSection
	GlobalSection(NestedProjects) = preSolution
		{8257EC63-D6E4-4FBC-A286-2039CFC68ACD} = {93E326D7-56A5-4BE8-803B-22F0F714D501}
	EndGlobalSection
	GlobalSection(ExtensibilityGlobals) = postSolution
		SolutionGuid = {F84545CB-3D4D-420D-941F-85907047E1E8}
	EndGlobalSection
EndGlobal
